{
  "version": "5",
  "specifiers": {
    "jsr:@david/code-block-writer@^13.0.3": "13.0.3",
    "jsr:@std/assert@^1.0.15": "1.0.16",
    "jsr:@std/assert@^1.0.16": "1.0.16",
    "jsr:@std/async@^1.0.15": "1.0.16",
    "jsr:@std/cli@^1.0.25": "1.0.25",
    "jsr:@std/collections@^1.1.3": "1.1.3",
    "jsr:@std/data-structures@^1.0.9": "1.0.9",
    "jsr:@std/fmt@1": "1.0.8",
    "jsr:@std/fs@1": "1.0.21",
    "jsr:@std/fs@^1.0.19": "1.0.21",
    "jsr:@std/fs@^1.0.21": "1.0.21",
    "jsr:@std/internal@^1.0.12": "1.0.12",
    "jsr:@std/path@1": "1.1.4",
    "jsr:@std/path@^1.1.2": "1.1.4",
    "jsr:@std/path@^1.1.4": "1.1.4",
    "jsr:@std/testing@^1.0.16": "1.0.16",
    "jsr:@std/toml@^1.0.11": "1.0.11",
    "jsr:@tichopad/dnt@1.0.1": "1.0.1",
    "jsr:@ts-morph/bootstrap@0.27": "0.27.0",
    "jsr:@ts-morph/common@0.27": "0.27.0",
    "npm:@inquirer/search@^4.1.0": "4.1.0_@types+node@24.2.0",
    "npm:@types/node@*": "24.2.0",
    "npm:neverthrow@8.2.0": "8.2.0",
    "npm:p-map@^7.0.4": "7.0.4"
  },
  "jsr": {
    "@david/code-block-writer@13.0.3": {
      "integrity": "f98c77d320f5957899a61bfb7a9bead7c6d83ad1515daee92dbacc861e13bb7f"
    },
    "@std/assert@1.0.16": {
      "integrity": "6a7272ed1eaa77defe76e5ff63ca705d9c495077e2d5fd0126d2b53fc5bd6532",
      "dependencies": [
        "jsr:@std/internal"
      ]
    },
    "@std/async@1.0.16": {
      "integrity": "6c9e43035313b67b5de43e2b3ee3eadb39a488a0a0a3143097f112e025d3ee9a"
    },
    "@std/cli@1.0.25": {
      "integrity": "1f85051b370c97a7a9dfc6ba626e7ed57a91bea8c081597276d1e78d929d8c91",
      "dependencies": [
        "jsr:@std/internal"
      ]
    },
    "@std/collections@1.1.3": {
      "integrity": "bf8b0818886df6a32b64c7d3b037a425111f28278d69fd0995aeb62777c986b0"
    },
    "@std/data-structures@1.0.9": {
      "integrity": "033d6e17e64bf1f84a614e647c1b015fa2576ae3312305821e1a4cb20674bb4d"
    },
    "@std/fmt@1.0.8": {
      "integrity": "71e1fc498787e4434d213647a6e43e794af4fd393ef8f52062246e06f7e372b7"
    },
    "@std/fs@1.0.21": {
      "integrity": "d720fe1056d78d43065a4d6e0eeb2b19f34adb8a0bc7caf3a4dbf1d4178252cd",
      "dependencies": [
        "jsr:@std/internal",
        "jsr:@std/path@^1.1.4"
      ]
    },
    "@std/internal@1.0.12": {
      "integrity": "972a634fd5bc34b242024402972cd5143eac68d8dffaca5eaa4dba30ce17b027"
    },
    "@std/path@1.1.4": {
      "integrity": "1d2d43f39efb1b42f0b1882a25486647cb851481862dc7313390b2bb044314b5",
      "dependencies": [
        "jsr:@std/internal"
      ]
    },
    "@std/testing@1.0.16": {
      "integrity": "a917ffdeb5924c9be436dc78bc32e511760e14d3a96e49c607fc5ecca86d0092",
      "dependencies": [
        "jsr:@std/assert@^1.0.15",
        "jsr:@std/async",
        "jsr:@std/data-structures",
        "jsr:@std/fs@^1.0.19",
        "jsr:@std/internal",
        "jsr:@std/path@^1.1.2"
      ]
    },
    "@std/toml@1.0.11": {
      "integrity": "e084988b872ca4bad6aedfb7350f6eeed0e8ba88e9ee5e1590621c5b5bb8f715",
      "dependencies": [
        "jsr:@std/collections"
      ]
    },
    "@tichopad/dnt@1.0.1": {
      "integrity": "576c7e1571beadc2019ac1f71bbf1616fbe07a9536ae087b876d66b6656fe2e9",
      "dependencies": [
        "jsr:@david/code-block-writer",
        "jsr:@std/fmt",
        "jsr:@std/fs@1",
        "jsr:@std/path@1",
        "jsr:@ts-morph/bootstrap"
      ]
    },
    "@ts-morph/bootstrap@0.27.0": {
      "integrity": "b8d7bc8f7942ce853dde4161b28f9aa96769cef3d8eebafb379a81800b9e2448",
      "dependencies": [
        "jsr:@ts-morph/common"
      ]
    },
    "@ts-morph/common@0.27.0": {
      "integrity": "c7b73592d78ce8479b356fd4f3d6ec3c460d77753a8680ff196effea7a939052",
      "dependencies": [
        "jsr:@std/fs@1",
        "jsr:@std/path@1"
      ]
    }
  },
  "npm": {
    "@inquirer/ansi@2.0.3": {
      "integrity": "sha512-g44zhR3NIKVs0zUesa4iMzExmZpLUdTLRMCStqX3GE5NT6VkPcxQGJ+uC8tDgBUC/vB1rUhUd55cOf++4NZcmw=="
    },
    "@inquirer/core@11.1.1_@types+node@24.2.0": {
      "integrity": "sha512-hV9o15UxX46OyQAtaoMqAOxGR8RVl1aZtDx1jHbCtSJy1tBdTfKxLPKf7utsE4cRy4tcmCQ4+vdV+ca+oNxqNA==",
      "dependencies": [
        "@inquirer/ansi",
        "@inquirer/figures",
        "@inquirer/type",
        "@types/node",
        "cli-width",
        "mute-stream",
        "signal-exit",
        "wrap-ansi"
      ],
      "optionalPeers": [
        "@types/node"
      ]
    },
    "@inquirer/figures@2.0.3": {
      "integrity": "sha512-y09iGt3JKoOCBQ3w4YrSJdokcD8ciSlMIWsD+auPu+OZpfxLuyz+gICAQ6GCBOmJJt4KEQGHuZSVff2jiNOy7g=="
    },
    "@inquirer/search@4.1.0_@types+node@24.2.0": {
      "integrity": "sha512-EAzemfiP4IFvIuWnrHpgZs9lAhWDA0GM3l9F4t4mTQ22IFtzfrk8xbkMLcAN7gmVML9O/i+Hzu8yOUyAaL6BKA==",
      "dependencies": [
        "@inquirer/core",
        "@inquirer/figures",
        "@inquirer/type",
        "@types/node"
      ],
      "optionalPeers": [
        "@types/node"
      ]
    },
    "@inquirer/type@4.0.3_@types+node@24.2.0": {
      "integrity": "sha512-cKZN7qcXOpj1h+1eTTcGDVLaBIHNMT1Rz9JqJP5MnEJ0JhgVWllx7H/tahUp5YEK1qaByH2Itb8wLG/iScD5kw==",
      "dependencies": [
        "@types/node"
      ],
      "optionalPeers": [
        "@types/node"
      ]
    },
    "@rollup/rollup-linux-x64-gnu@4.52.4": {
      "integrity": "sha512-Wi6AXf0k0L7E2gteNsNHUs7UMwCIhsCTs6+tqQ5GPwVRWMaflqGec4Sd8n6+FNFDw9vGcReqk2KzBDhCa1DLYg==",
      "os": ["linux"],
      "cpu": ["x64"]
    },
    "@types/node@24.2.0": {
      "integrity": "sha512-3xyG3pMCq3oYCNg7/ZP+E1ooTaGB4cG8JWRsqqOYQdbWNY4zbaV0Ennrd7stjiJEFZCaybcIgpTjJWHRfBSIDw==",
      "dependencies": [
        "undici-types"
      ]
    },
    "ansi-regex@6.2.2": {
      "integrity": "sha512-Bq3SmSpyFHaWjPk8If9yc6svM8c56dB5BAtW4Qbw5jHTwwXXcTLoRMkpDJp6VL0XzlWaCHTXrkFURMYmD0sLqg=="
    },
    "ansi-styles@6.2.3": {
      "integrity": "sha512-4Dj6M28JB+oAH8kFkTLUo+a2jwOFkuqb3yucU0CANcRRUbxS0cP0nZYCGjcc3BNXwRIsUVmDGgzawme7zvJHvg=="
    },
    "cli-width@4.1.0": {
      "integrity": "sha512-ouuZd4/dm2Sw5Gmqy6bGyNNNe1qt9RpmxveLSO7KcgsTnU7RXfsw+/bukWGo1abgBiMAic068rclZsO4IWmmxQ=="
    },
    "emoji-regex@10.6.0": {
      "integrity": "sha512-toUI84YS5YmxW219erniWD0CIVOo46xGKColeNQRgOzDorgBi1v4D71/OFzgD9GO2UGKIv1C3Sp8DAn0+j5w7A=="
    },
    "get-east-asian-width@1.4.0": {
      "integrity": "sha512-QZjmEOC+IT1uk6Rx0sX22V6uHWVwbdbxf1faPqJ1QhLdGgsRGCZoyaQBm/piRdJy/D2um6hM1UP7ZEeQ4EkP+Q=="
    },
    "mute-stream@3.0.0": {
      "integrity": "sha512-dkEJPVvun4FryqBmZ5KhDo0K9iDXAwn08tMLDinNdRBNPcYEDiWYysLcc6k3mjTMlbP9KyylvRpd4wFtwrT9rw=="
    },
    "neverthrow@8.2.0": {
      "integrity": "sha512-kOCT/1MCPAxY5iUV3wytNFUMUolzuwd/VF/1KCx7kf6CutrOsTie+84zTGTpgQycjvfLdBBdvBvFLqFD2c0wkQ==",
      "optionalDependencies": [
        "@rollup/rollup-linux-x64-gnu"
      ]
    },
    "p-map@7.0.4": {
      "integrity": "sha512-tkAQEw8ysMzmkhgw8k+1U/iPhWNhykKnSk4Rd5zLoPJCuJaGRPo6YposrZgaxHKzDHdDWWZvE/Sk7hsL2X/CpQ=="
    },
    "signal-exit@4.1.0": {
      "integrity": "sha512-bzyZ1e88w9O1iNJbKnOlvYTrWPDl46O1bG0D3XInv+9tkPrxrN8jUUTiFlDkkmKWgn1M6CfIA13SuGqOa9Korw=="
    },
    "string-width@7.2.0": {
      "integrity": "sha512-tsaTIkKW9b4N+AEj+SVA+WhJzV7/zMhcSu78mLKWSk7cXMOSHsBKFWUs0fWwq8QyK3MgJBQRX6Gbi4kYbdvGkQ==",
      "dependencies": [
        "emoji-regex",
        "get-east-asian-width",
        "strip-ansi"
      ]
    },
    "strip-ansi@7.1.2": {
      "integrity": "sha512-gmBGslpoQJtgnMAvOVqGZpEz9dyoKTCzy2nfz/n8aIFhN/jCE/rCmcxabB6jOOHV+0WNnylOxaxBQPSvcWklhA==",
      "dependencies": [
        "ansi-regex"
      ]
    },
    "undici-types@7.10.0": {
      "integrity": "sha512-t5Fy/nfn+14LuOc2KNYg75vZqClpAiqscVvMygNnlsHBFpSXdJaYtXMcdNLpl/Qvc3P2cB3s6lOV51nqsFq4ag=="
    },
    "wrap-ansi@9.0.2": {
      "integrity": "sha512-42AtmgqjV+X1VpdOfyTGOYRi0/zsoLqtXQckTmqTeybT+BDIbM/Guxo7x3pE2vtpr1ok6xRqM9OpBe+Jyoqyww==",
      "dependencies": [
        "ansi-styles",
        "string-width",
        "strip-ansi"
      ]
    }
  },
  "remote": {
    "https://raw.githubusercontent.com/tichopad/dnt/refs/heads/fix-esm-compat/lib/compiler.ts": "f5611c7ed9b8a8a628cae705cff92c83906b1701736359302ff32287cde79c0e",
    "https://raw.githubusercontent.com/tichopad/dnt/refs/heads/fix-esm-compat/lib/compiler_transforms.ts": "b053f075231c6a6c1133a390db72496eb03342b3eafd2403e866a6858cfdbde5",
    "https://raw.githubusercontent.com/tichopad/dnt/refs/heads/fix-esm-compat/lib/npm_ignore.ts": "bfaf0930e5d75079fced79ce2882ca2a9c32952d4b2b31f4fff44d322fa28dd8",
    "https://raw.githubusercontent.com/tichopad/dnt/refs/heads/fix-esm-compat/lib/package_json.ts": "492d53f9b958ad6f83646b055a140de53ea3f65ad22b34eb254a04578423e238",
    "https://raw.githubusercontent.com/tichopad/dnt/refs/heads/fix-esm-compat/lib/shims.ts": "6daf7a64cae47f79b77dd207c79bac4c23ec50ec2e3431575a58b5056b2845da",
    "https://raw.githubusercontent.com/tichopad/dnt/refs/heads/fix-esm-compat/lib/test_runner/get_test_runner_code.ts": "7e5ef8225bf98bf167b221c94640d6ff35492360c3f4656a0ca890c3c6a4c83c",
    "https://raw.githubusercontent.com/tichopad/dnt/refs/heads/fix-esm-compat/lib/test_runner/test_runner.ts": "321b2824cff1c0237459df0619158f2eb2e0307b640cf8a679ba5a4146a43db1",
    "https://raw.githubusercontent.com/tichopad/dnt/refs/heads/fix-esm-compat/lib/types.ts": "494366e85a2ea61b3160a869541672c7cae27e87de587a6965f9016686f94bf0",
    "https://raw.githubusercontent.com/tichopad/dnt/refs/heads/fix-esm-compat/lib/utils.ts": "ec9b0144084b75b2a24fe7abe14968473a50af9dd5b17893778b43a959f61efb",
    "https://raw.githubusercontent.com/tichopad/dnt/refs/heads/fix-esm-compat/mod.ts": "198f9f8c7b5be36ede8214c2932f97b025554a59fae0a1678c7732efd84cb74e",
    "https://raw.githubusercontent.com/tichopad/dnt/refs/heads/fix-esm-compat/transform.ts": "d9ad32373522a8b17381520409efc45dbd7df5e18329f32f5304d80532c4fa91"
  },
  "workspace": {
    "dependencies": [
      "jsr:@std/assert@^1.0.16",
      "jsr:@std/cli@^1.0.25",
      "jsr:@std/fs@^1.0.21",
      "jsr:@std/path@^1.1.4",
      "jsr:@std/testing@^1.0.16",
      "jsr:@std/toml@^1.0.11",
      "jsr:@tichopad/dnt@1.0.1",
      "npm:@inquirer/search@^4.1.0",
      "npm:neverthrow@8.2.0",
      "npm:p-map@^7.0.4"
    ]
  }
}
